// !$*UTF8*$!
{
	archiveVersion = 1;
	classes = {
	};
	objectVersion = 50;
	objects = {

/* Begin PBXBuildFile section */
		CCF1588A22D6801900A7DA95 /* AppDelegate.swift in Sources */ = {isa = PBXBuildFile; fileRef = CCF1588922D6801900A7DA95 /* AppDelegate.swift */; };
		CCF1588C22D6801900A7DA95 /* ViewController.swift in Sources */ = {isa = PBXBuildFile; fileRef = CCF1588B22D6801900A7DA95 /* ViewController.swift */; };
		CCF1588F22D6801900A7DA95 /* Main.storyboard in Resources */ = {isa = PBXBuildFile; fileRef = CCF1588D22D6801900A7DA95 /* Main.storyboard */; };
		CCF1589122D6801B00A7DA95 /* Assets.xcassets in Resources */ = {isa = PBXBuildFile; fileRef = CCF1589022D6801B00A7DA95 /* Assets.xcassets */; };
		CCF1589422D6801B00A7DA95 /* LaunchScreen.storyboard in Resources */ = {isa = PBXBuildFile; fileRef = CCF1589222D6801B00A7DA95 /* LaunchScreen.storyboard */; };
		CCF1589C22D6874500A7DA95 /* Quiz.swift in Sources */ = {isa = PBXBuildFile; fileRef = CCF1589B22D6874500A7DA95 /* Quiz.swift */; };
		CCF1589E22D69CC900A7DA95 /* ResultController.swift in Sources */ = {isa = PBXBuildFile; fileRef = CCF1589D22D69CC900A7DA95 /* ResultController.swift */; };
/* End PBXBuildFile section */

/* Begin PBXFileReference section */
		CCF1588622D6801900A7DA95 /* Geography.app */ = {isa = PBXFileReference; explicitFileType = wrapper.application; includeInIndex = 0; path = Geography.app; sourceTree = BUILT_PRODUCTS_DIR; };
		CCF1588922D6801900A7DA95 /* AppDelegate.swift */ = {isa = PBXFileReference; lastKnownFileType = sourcecode.swift; path = AppDelegate.swift; sourceTree = "<group>"; };
		CCF1588B22D6801900A7DA95 /* ViewController.swift */ = {isa = PBXFileReference; lastKnownFileType = sourcecode.swift; path = ViewController.swift; sourceTree = "<group>"; };
		CCF1588E22D6801900A7DA95 /* Base */ = {isa = PBXFileReference; lastKnownFileType = file.storyboard; name = Base; path = Base.lproj/Main.storyboard; sourceTree = "<group>"; };
		CCF1589022D6801B00A7DA95 /* Assets.xcassets */ = {isa = PBXFileReference; lastKnownFileType = folder.assetcatalog; path = Assets.xcassets; sourceTree = "<group>"; };
		CCF1589322D6801B00A7DA95 /* Base */ = {isa = PBXFileReference; lastKnownFileType = file.storyboard; name = Base; path = Base.lproj/LaunchScreen.storyboard; sourceTree = "<group>"; };
		CCF1589522D6801B00A7DA95 /* Info.plist */ = {isa = PBXFileReference; lastKnownFileType = text.plist.xml; path = Info.plist; sourceTree = "<group>"; };
		CCF1589B22D6874500A7DA95 /* Quiz.swift */ = {isa = PBXFileReference; lastKnownFileType = sourcecode.swift; path = Quiz.swift; sourceTree = "<group>"; };
		CCF1589D22D69CC900A7DA95 /* ResultController.swift */ = {isa = PBXFileReference; lastKnownFileType = sourcecode.swift; path = ResultController.swift; sourceTree = "<group>"; };
/* End PBXFileReference section */

/* Begin PBXFrameworksBuildPhase section */
		CCF1588322D6801900A7DA95 /* Frameworks */ = {
			isa = PBXFrameworksBuildPhase;
			buildActionMask = 2147483647;
			files = (
			);
			runOnlyForDeploymentPostprocessing = 0;
		};
/* End PBXFrameworksBuildPhase section */

/* Begin PBXGroup section */
		CCF1587D22D6801900A7DA95 = {
			isa = PBXGroup;
			children = (
				CCF1588822D6801900A7DA95 /* Geography */,
				CCF1588722D6801900A7DA95 /* Products */,
			);
			sourceTree = "<group>";
		};
		CCF1588722D6801900A7DA95 /* Products */ = {
			isa = PBXGroup;
			children = (
				CCF1588622D6801900A7DA95 /* Geography.app */,
			);
			name = Products;
			sourceTree = "<group>";
		};
		CCF1588822D6801900A7DA95 /* Geography */ = {
			isa = PBXGroup;
			children = (
				CCF1588922D6801900A7DA95 /* AppDelegate.swift */,
				CCF1588B22D6801900A7DA95 /* ViewController.swift */,
				CCF1588D22D6801900A7DA95 /* Main.storyboard */,
				CCF1589022D6801B00A7DA95 /* Assets.xcassets */,
				CCF1589222D6801B00A7DA95 /* LaunchScreen.storyboard */,
				CCF1589522D6801B00A7DA95 /* Info.plist */,
				CCF1589B22D6874500A7DA95 /* Quiz.swift */,
				CCF1589D22D69CC900A7DA95 /* ResultController.swift */,
			);
			path = Geography;
			sourceTree = "<group>";
		};
/* End PBXGroup section */

/* Begin PBXNativeTarget section */
		CCF1588522D6801900A7DA95 /* Geography */ = {
			isa = PBXNativeTarget;
			buildConfigurationList = CCF1589822D6801B00A7DA95 /* Build configuration list for PBXNativeTarget "Geography" */;
			buildPhases = (
				CCF1588222D6801900A7DA95 /* Sources */,
				CCF1588322D6801900A7DA95 /* Frameworks */,
				CCF1588422D6801900A7DA95 /* Resources */,
			);
			buildRules = (
			);
			dependencies = (
			);
			name = Geography;
			productName = Geography;
			productReference = CCF1588622D6801900A7DA95 /* Geography.app */;
			productType = "com.apple.product-type.application";
		};
/* End PBXNativeTarget section */

/* Begin PBXProject section */
		CCF1587E22D6801900A7DA95 /* Project object */ = {
			isa = PBXProject;
			attributes = {
				LastSwiftUpdateCheck = 1020;
				LastUpgradeCheck = 1020;
				ORGANIZATIONNAME = Sue;
				TargetAttributes = {
					CCF1588522D6801900A7DA95 = {
						CreatedOnToolsVersion = 10.2.1;
					};
				};
			};
			buildConfigurationList = CCF1588122D6801900A7DA95 /* Build configuration list for PBXProject "Geography" */;
			compatibilityVersion = "Xcode 9.3";
			developmentRegion = en;
			hasScannedForEncodings = 0;
			knownRegions = (
				en,
				Base,
			);
			mainGroup = CCF1587D22D6801900A7DA95;
			productRefGroup = CCF1588722D6801900A7DA95 /* Products */;
			projectDirPath = "";
			projectRoot = "";
			targets = (
				CCF1588522D6801900A7DA95 /* Geography */,
			);
		};
/* End PBXProject section */

/* Begin PBXResourcesBuildPhase section */
		CCF1588422D6801900A7DA95 /* Resources */ = {
			isa = PBXResourcesBuildPhase;
			buildActionMask = 2147483647;
			files = (
				CCF1589422D6801B00A7DA95 /* LaunchScreen.storyboard in Resources */,
				CCF1589122D6801B00A7DA95 /* Assets.xcassets in Resources */,
				CCF1588F22D6801900A7DA95 /* Main.storyboard in Resources */,
			);
			runOnlyForDeploymentPostprocessing = 0;
		};
/* End PBXResourcesBuildPhase section */

/* Begin PBXSourcesBuildPhase section */
		CCF1588222D6801900A7DA95 /* Sources */ = {
			isa = PBXSourcesBuildPhase;
			buildActionMask = 2147483647;
			files = (
				CCF1589E22D69CC900A7DA95 /* ResultController.swift in Sources */,
				CCF1588C22D6801900A7DA95 /* ViewController.swift in Sources */,
				CCF1588A22D6801900A7DA95 /* AppDelegate.swift in Sources */,
				CCF1589C22D6874500A7DA95 /* Quiz.swift in Sources */,
			);
			runOnlyForDeploymentPostprocessing = 0;
		};
/* End PBXSourcesBuildPhase section */

/* Begin PBXVariantGroup section */
		CCF1588D22D6801900A7DA95 /* Main.storyboard */ = {
			isa = PBXVariantGroup;
			children = (
				CCF1588E22D6801900A7DA95 /* Base */,
			);
			name = Main.storyboard;
			sourceTree = "<group>";
		};
		CCF1589222D6801B00A7DA95 /* LaunchScreen.storyboard */ = {
			isa = PBXVariantGroup;
			children = (
				CCF1589322D6801B00A7DA95 /* Base */,
			);
			name = LaunchScreen.storyboard;
			sourceTree = "<group>";
		};
/* End PBXVariantGroup section */

/* Begin XCBuildConfiguration section */
		CCF1589622D6801B00A7DA95 /* Debug */ = {
			isa = XCBuildConfiguration;
			buildSettings = {
				ALWAYS_SEARCH_USER_PATHS = NO;
				CLANG_ANALYZER_NONNULL = YES;
				CLANG_ANALYZER_NUMBER_OBJECT_CONVERSION = YES_AGGRESSIVE;
				CLANG_CXX_LANGUAGE_STANDARD = "gnu++14";
				CLANG_CXX_LIBRARY = "libc++";
				CLANG_ENABLE_MODULES = YES;
				CLANG_ENABLE_OBJC_ARC = YES;
				CLANG_ENABLE_OBJC_WEAK = YES;
				CLANG_WARN_BLOCK_CAPTURE_AUTORELEASING = YES;
				CLANG_WARN_BOOL_CONVERSION = YES;
				CLANG_WARN_COMMA = YES;
				CLANG_WARN_CONSTANT_CONVERSION = YES;
				CLANG_WARN_DEPRECATED_OBJC_IMPLEMENTATIONS = YES;
				CLANG_WARN_DIRECT_OBJC_ISA_USAGE = YES_ERROR;
				CLANG_WARN_DOCUMENTATION_COMMENTS = YES;
				CLANG_WARN_EMPTY_BODY = YES;
				CLANG_WARN_ENUM_CONVERSION = YES;
				CLANG_WARN_INFINITE_RECURSION = YES;
				CLANG_WARN_INT_CONVERSION = YES;
				CLANG_WARN_NON_LITERAL_NULL_CONVERSION = YES;
				CLANG_WARN_OBJC_IMPLICIT_RETAIN_SELF = YES;
				CLANG_WARN_OBJC_LITERAL_CONVERSION = YES;
				CLANG_WARN_OBJC_ROOT_CLASS = YES_ERROR;
				CLANG_WARN_RANGE_LOOP_ANALYSIS = YES;
				CLANG_WARN_STRICT_PROTOTYPES = YES;
				CLANG_WARN_SUSPICIOUS_MOVE = YES;
				CLANG_WARN_UNGUARDED_AVAILABILITY = YES_AGGRESSIVE;
				CLANG_WARN_UNREACHABLE_CODE = YES;
				CLANG_WARN__DUPLICATE_METHOD_MATCH = YES;
				CODE_SIGN_IDENTITY = "iPhone Developer";
				COPY_PHASE_STRIP = NO;
				DEBUG_INFORMATION_FORMAT = dwarf;
				ENABLE_STRICT_OBJC_MSGSEND = YES;
				ENABLE_TESTABILITY = YES;
				GCC_C_LANGUAGE_STANDARD = gnu11;
				GCC_DYNAMIC_NO_PIC = NO;
				GCC_NO_COMMON_BLOCKS = YES;
				GCC_OPTIMIZATION_LEVEL = 0;
				GCC_PREPROCESSOR_DEFINITIONS = (
					"DEBUG=1",
					"$(inherited)",
				);
				GCC_WARN_64_TO_32_BIT_CONVERSION = YES;
				GCC_WARN_ABOUT_RETURN_TYPE = YES_ERROR;
				GCC_WARN_UNDECLARED_SELECTOR = YES;
				GCC_WARN_UNINITIALIZED_AUTOS = YES_AGGRESSIVE;
				GCC_WARN_UNUSED_FUNCTION = YES;
				GCC_WARN_UNUSED_VARIABLE = YES;
				IPHONEOS_DEPLOYMENT_TARGET = 12.2;
				MTL_ENABLE_DEBUG_INFO = INCLUDE_SOURCE;
				MTL_FAST_MATH = YES;
				ONLY_ACTIVE_ARCH = YES;
				SDKROOT = iphoneos;
				SWIFT_ACTIVE_COMPILATION_CONDITIONS = DEBUG;
				SWIFT_OPTIMIZATION_LEVEL = "-Onone";
			};
			name = Debug;
		};
		CCF1589722D6801B00A7DA95 /* Release */ = {
			isa = XCBuildConfiguration;
			buildSettings = {
				ALWAYS_SEARCH_USER_PATHS = NO;
				CLANG_ANALYZER_NONNULL = YES;
				CLANG_ANALYZER_NUMBER_OBJECT_CONVERSION = YES_AGGRESSIVE;
				CLANG_CXX_LANGUAGE_STANDARD = "gnu++14";
				CLANG_CXX_LIBRARY = "libc++";
				CLANG_ENABLE_MODULES = YES;
				CLANG_ENABLE_OBJC_ARC = YES;
				CLANG_ENABLE_OBJC_WEAK = YES;
				CLANG_WARN_BLOCK_CAPTURE_AUTORELEASING = YES;
				CLANG_WARN_BOOL_CONVERSION = YES;
				CLANG_WARN_COMMA = YES;
				CLANG_WARN_CONSTANT_CONVERSION = YES;
				CLANG_WARN_DEPRECATED_OBJC_IMPLEMENTATIONS = YES;
				CLANG_WARN_DIRECT_OBJC_ISA_USAGE = YES_ERROR;
				CLANG_WARN_DOCUMENTATION_COMMENTS = YES;
				CLANG_WARN_EMPTY_BODY = YES;
				CLANG_WARN_ENUM_CONVERSION = YES;
				CLANG_WARN_INFINITE_RECURSION = YES;
				CLANG_WARN_INT_CONVERSION = YES;
				CLANG_WARN_NON_LITERAL_NULL_CONVERSION = YES;
				CLANG_WARN_OBJC_IMPLICIT_RETAIN_SELF = YES;
				CLANG_WARN_OBJC_LITERAL_CONVERSION = YES;
				CLANG_WARN_OBJC_ROOT_CLASS = YES_ERROR;
				CLANG_WARN_RANGE_LOOP_ANALYSIS = YES;
				CLANG_WARN_STRICT_PROTOTYPES = YES;
				CLANG_WARN_SUSPICIOUS_MOVE = YES;
				CLANG_WARN_UNGUARDED_AVAILABILITY = YES_AGGRESSIVE;
				CLANG_WARN_UNREACHABLE_CODE = YES;
				CLANG_WARN__DUPLICATE_METHOD_MATCH = YES;
				CODE_SIGN_IDENTITY = "iPhone Developer";
				COPY_PHASE_STRIP = NO;
				DEBUG_INFORMATION_FORMAT = "dwarf-with-dsym";
				ENABLE_NS_ASSERTIONS = NO;
				ENABLE_STRICT_OBJC_MSGSEND = YES;
				GCC_C_LANGUAGE_STANDARD = gnu11;
				GCC_NO_COMMON_BLOCKS = YES;
				GCC_WARN_64_TO_32_BIT_CONVERSION = YES;
				GCC_WARN_ABOUT_RETURN_TYPE = YES_ERROR;
				GCC_WARN_UNDECLARED_SELECTOR = YES;
				GCC_WARN_UNINITIALIZED_AUTOS = YES_AGGRESSIVE;
				GCC_WARN_UNUSED_FUNCTION = YES;
				GCC_WARN_UNUSED_VARIABLE = YES;
				IPHONEOS_DEPLOYMENT_TARGET = 12.2;
				MTL_ENABLE_DEBUG_INFO = NO;
				MTL_FAST_MATH = YES;
				SDKROOT = iphoneos;
				SWIFT_COMPILATION_MODE = wholemodule;
				SWIFT_OPTIMIZATION_LEVEL = "-O";
				VALIDATE_PRODUCT = YES;
			};
			name = Release;
		};
		CCF1589922D6801B00A7DA95 /* Debug */ = {
			isa = XCBuildConfiguration;
			buildSettings = {
				ASSETCATALOG_COMPILER_APPICON_NAME = AppIcon;
				CODE_SIGN_STYLE = Automatic;
				DEVELOPMENT_TEAM = CKN8SD9KJ4;
				INFOPLIST_FILE = Geography/Info.plist;
				LD_RUNPATH_SEARCH_PATHS = (
					"$(inherited)",
					"@executable_path/Frameworks",
				);
				PRODUCT_BUNDLE_IDENTIFIER = com.sueni.GWC.Geography;
				PRODUCT_NAME = "$(TARGET_NAME)";
				SWIFT_VERSION = 5.0;
				TARGETED_DEVICE_FAMILY = "1,2";
			};
			name = Debug;
		};
		CCF1589A22D6801B00A7DA95 /* Release */ = {
			isa = XCBuildConfiguration;
			buildSettings = {
				ASSETCATALOG_COMPILER_APPICON_NAME = AppIcon;
				CODE_SIGN_STYLE = Automatic;
				DEVELOPMENT_TEAM = CKN8SD9KJ4;
				INFOPLIST_FILE = Geography/Info.plist;
				LD_RUNPATH_SEARCH_PATHS = (
					"$(inherited)",
					"@executable_path/Frameworks",
				);
				PRODUCT_BUNDLE_IDENTIFIER = com.sueni.GWC.Geography;
				PRODUCT_NAME = "$(TARGET_NAME)";
				SWIFT_VERSION = 5.0;
				TARGETED_DEVICE_FAMILY = "1,2";
			};
			name = Release;
		};
/* End XCBuildConfiguration section */

/* Begin XCConfigurationList section */
		CCF1588122D6801900A7DA95 /* Build configuration list for PBXProject "Geography" */ = {
			isa = XCConfigurationList;
			buildConfigurations = (
				CCF1589622D6801B00A7DA95 /* Debug */,
				CCF1589722D6801B00A7DA95 /* Release */,
			);
			defaultConfigurationIsVisible = 0;
			defaultConfigurationName = Release;
		};
		CCF1589822D6801B00A7DA95 /* Build configuration list for PBXNativeTarget "Geography" */ = {
			isa = XCConfigurationList;
			buildConfigurations = (
				CCF1589922D6801B00A7DA95 /* Debug */,
				CCF1589A22D6801B00A7DA95 /* Release */,
			);
			defaultConfigurationIsVisible = 0;
			defaultConfigurationName = Release;
		};
/* End XCConfigurationList section */
	};
	rootObject = CCF1587E22D6801900A7DA95 /* Project object */;
}
